
Microsoft Visual Studio Solution File, Format Version 12.00
# Visual Studio Version 16
VisualStudioVersion = 16.0.31205.134
MinimumVisualStudioVersion = 10.0.40219.1
Project("{FAE04EC0-301F-11D3-BF4B-00C04F79EFBC}") = "Fitness Nation Gym", "Fitness Nation Gym.csproj", "{3B604DC4-07D8-40F4-8EA8-53D1E658ABF5}"
EndProject
Global
	GlobalSection(SolutionConfigurationPlatforms) = preSolution
		Debug|Any CPU = Debug|Any CPU
		Release|Any CPU = Release|Any CPU
	EndGlobalSection
	GlobalSection(ProjectConfigurationPlatforms) = postSolution
		{3B604DC4-07D8-40F4-8EA8-53D1E658ABF5}.Debug|Any CPU.ActiveCfg = Debug|Any CPU
		{3B604DC4-07D8-40F4-8EA8-53D1E658ABF5}.Debug|Any CPU.Build.0 = Debug|Any CPU
		{3B604DC4-07D8-40F4-8EA8-53D1E658ABF5}.Release|Any CPU.ActiveCfg = Release|Any CPU
		{3B604DC4-07D8-40F4-8EA8-53D1E658ABF5}.Release|Any CPU.Build.0 = Release|Any CPU
	EndGlobalSection
	GlobalSection(SolutionProperties) = preSolution
		HideSolutionNode = FALSE
	EndGlobalSection
	GlobalSection(ExtensibilityGlobals) = postSolution
		SolutionGuid = {A10955E1-E5CB-4D9A-88EE-D978D3B3D1F6}
	EndGlobalSection
EndGlobal
